// !$*UTF8*$!
{
	archiveVersion = 1;
	classes = {
	};
	objectVersion = 56;
	objects = {

/* Begin PBXBuildFile section */
		9F28400B29349341005939EF /* NativeApp.swift in Sources */ = {isa = PBXBuildFile; fileRef = 9F28400A29349341005939EF /* NativeApp.swift */; };
		9F28400D29349341005939EF /* ContentView.swift in Sources */ = {isa = PBXBuildFile; fileRef = 9F28400C29349341005939EF /* ContentView.swift */; };
		9F28400F29349342005939EF /* Assets.xcassets in Resources */ = {isa = PBXBuildFile; fileRef = 9F28400E29349342005939EF /* Assets.xcassets */; };
		9F28401329349342005939EF /* Preview Assets.xcassets in Resources */ = {isa = PBXBuildFile; fileRef = 9F28401229349342005939EF /* Preview Assets.xcassets */; };
		9F28401D29349343005939EF /* NativeTests.swift in Sources */ = {isa = PBXBuildFile; fileRef = 9F28401C29349343005939EF /* NativeTests.swift */; };
		9F28402729349343005939EF /* NativeUITests.swift in Sources */ = {isa = PBXBuildFile; fileRef = 9F28402629349343005939EF /* NativeUITests.swift */; };
		9F28402929349343005939EF /* NativeUITestsLaunchTests.swift in Sources */ = {isa = PBXBuildFile; fileRef = 9F28402829349343005939EF /* NativeUITestsLaunchTests.swift */; };
		9F28403629349399005939EF /* WallpaperView.swift in Sources */ = {isa = PBXBuildFile; fileRef = 9F28403529349399005939EF /* WallpaperView.swift */; };
		9FD6F2392935FEB1001780C2 /* AvatarView.swift in Sources */ = {isa = PBXBuildFile; fileRef = 9FD6F2382935FEB1001780C2 /* AvatarView.swift */; };
/* End PBXBuildFile section */

/* Begin PBXContainerItemProxy section */
		9F28401929349343005939EF /* PBXContainerItemProxy */ = {
			isa = PBXContainerItemProxy;
			containerPortal = 9F283FFF29349341005939EF /* Project object */;
			proxyType = 1;
			remoteGlobalIDString = 9F28400629349341005939EF;
			remoteInfo = Native;
		};
		9F28402329349343005939EF /* PBXContainerItemProxy */ = {
			isa = PBXContainerItemProxy;
			containerPortal = 9F283FFF29349341005939EF /* Project object */;
			proxyType = 1;
			remoteGlobalIDString = 9F28400629349341005939EF;
			remoteInfo = Native;
		};
/* End PBXContainerItemProxy section */

/* Begin PBXFileReference section */
		9F28400729349341005939EF /* Native.app */ = {isa = PBXFileReference; explicitFileType = wrapper.application; includeInIndex = 0; path = Native.app; sourceTree = BUILT_PRODUCTS_DIR; };
		9F28400A29349341005939EF /* NativeApp.swift */ = {isa = PBXFileReference; lastKnownFileType = sourcecode.swift; path = NativeApp.swift; sourceTree = "<group>"; };
		9F28400C29349341005939EF /* ContentView.swift */ = {isa = PBXFileReference; lastKnownFileType = sourcecode.swift; path = ContentView.swift; sourceTree = "<group>"; };
		9F28400E29349342005939EF /* Assets.xcassets */ = {isa = PBXFileReference; lastKnownFileType = folder.assetcatalog; path = Assets.xcassets; sourceTree = "<group>"; };
		9F28401029349342005939EF /* Native.entitlements */ = {isa = PBXFileReference; lastKnownFileType = text.plist.entitlements; path = Native.entitlements; sourceTree = "<group>"; };
		9F28401229349342005939EF /* Preview Assets.xcassets */ = {isa = PBXFileReference; lastKnownFileType = folder.assetcatalog; path = "Preview Assets.xcassets"; sourceTree = "<group>"; };
		9F28401829349343005939EF /* NativeTests.xctest */ = {isa = PBXFileReference; explicitFileType = wrapper.cfbundle; includeInIndex = 0; path = NativeTests.xctest; sourceTree = BUILT_PRODUCTS_DIR; };
		9F28401C29349343005939EF /* NativeTests.swift */ = {isa = PBXFileReference; lastKnownFileType = sourcecode.swift; path = NativeTests.swift; sourceTree = "<group>"; };
		9F28402229349343005939EF /* NativeUITests.xctest */ = {isa = PBXFileReference; explicitFileType = wrapper.cfbundle; includeInIndex = 0; path = NativeUITests.xctest; sourceTree = BUILT_PRODUCTS_DIR; };
		9F28402629349343005939EF /* NativeUITests.swift */ = {isa = PBXFileReference; lastKnownFileType = sourcecode.swift; path = NativeUITests.swift; sourceTree = "<group>"; };
		9F28402829349343005939EF /* NativeUITestsLaunchTests.swift */ = {isa = PBXFileReference; lastKnownFileType = sourcecode.swift; path = NativeUITestsLaunchTests.swift; sourceTree = "<group>"; };
		9F28403529349399005939EF /* WallpaperView.swift */ = {isa = PBXFileReference; lastKnownFileType = sourcecode.swift; path = WallpaperView.swift; sourceTree = "<group>"; };
		9FD6F2382935FEB1001780C2 /* AvatarView.swift */ = {isa = PBXFileReference; lastKnownFileType = sourcecode.swift; path = AvatarView.swift; sourceTree = "<group>"; };
/* End PBXFileReference section */

/* Begin PBXFrameworksBuildPhase section */
		9F28400429349341005939EF /* Frameworks */ = {
			isa = PBXFrameworksBuildPhase;
			buildActionMask = 2147483647;
			files = (
			);
			runOnlyForDeploymentPostprocessing = 0;
		};
		9F28401529349343005939EF /* Frameworks */ = {
			isa = PBXFrameworksBuildPhase;
			buildActionMask = 2147483647;
			files = (
			);
			runOnlyForDeploymentPostprocessing = 0;
		};
		9F28401F29349343005939EF /* Frameworks */ = {
			isa = PBXFrameworksBuildPhase;
			buildActionMask = 2147483647;
			files = (
			);
			runOnlyForDeploymentPostprocessing = 0;
		};
/* End PBXFrameworksBuildPhase section */

/* Begin PBXGroup section */
		9F283FFE29349341005939EF = {
			isa = PBXGroup;
			children = (
				9F28400929349341005939EF /* Native */,
				9F28401B29349343005939EF /* NativeTests */,
				9F28402529349343005939EF /* NativeUITests */,
				9F28400829349341005939EF /* Products */,
			);
			sourceTree = "<group>";
		};
		9F28400829349341005939EF /* Products */ = {
			isa = PBXGroup;
			children = (
				9F28400729349341005939EF /* Native.app */,
				9F28401829349343005939EF /* NativeTests.xctest */,
				9F28402229349343005939EF /* NativeUITests.xctest */,
			);
			name = Products;
			sourceTree = "<group>";
		};
		9F28400929349341005939EF /* Native */ = {
			isa = PBXGroup;
			children = (
				9F28400A29349341005939EF /* NativeApp.swift */,
				9F28400C29349341005939EF /* ContentView.swift */,
				9FD6F2382935FEB1001780C2 /* AvatarView.swift */,
				9F28403529349399005939EF /* WallpaperView.swift */,
				9F28400E29349342005939EF /* Assets.xcassets */,
				9F28401029349342005939EF /* Native.entitlements */,
				9F28401129349342005939EF /* Preview Content */,
			);
			path = Native;
			sourceTree = "<group>";
		};
		9F28401129349342005939EF /* Preview Content */ = {
			isa = PBXGroup;
			children = (
				9F28401229349342005939EF /* Preview Assets.xcassets */,
			);
			path = "Preview Content";
			sourceTree = "<group>";
		};
		9F28401B29349343005939EF /* NativeTests */ = {
			isa = PBXGroup;
			children = (
				9F28401C29349343005939EF /* NativeTests.swift */,
			);
			path = NativeTests;
			sourceTree = "<group>";
		};
		9F28402529349343005939EF /* NativeUITests */ = {
			isa = PBXGroup;
			children = (
				9F28402629349343005939EF /* NativeUITests.swift */,
				9F28402829349343005939EF /* NativeUITestsLaunchTests.swift */,
			);
			path = NativeUITests;
			sourceTree = "<group>";
		};
/* End PBXGroup section */

/* Begin PBXNativeTarget section */
		9F28400629349341005939EF /* Native */ = {
			isa = PBXNativeTarget;
			buildConfigurationList = 9F28402C29349343005939EF /* Build configuration list for PBXNativeTarget "Native" */;
			buildPhases = (
				9F28400329349341005939EF /* Sources */,
				9F28400429349341005939EF /* Frameworks */,
				9F28400529349341005939EF /* Resources */,
			);
			buildRules = (
			);
			dependencies = (
			);
			name = Native;
			productName = Native;
			productReference = 9F28400729349341005939EF /* Native.app */;
			productType = "com.apple.product-type.application";
		};
		9F28401729349343005939EF /* NativeTests */ = {
			isa = PBXNativeTarget;
			buildConfigurationList = 9F28402F29349343005939EF /* Build configuration list for PBXNativeTarget "NativeTests" */;
			buildPhases = (
				9F28401429349343005939EF /* Sources */,
				9F28401529349343005939EF /* Frameworks */,
				9F28401629349343005939EF /* Resources */,
			);
			buildRules = (
			);
			dependencies = (
				9F28401A29349343005939EF /* PBXTargetDependency */,
			);
			name = NativeTests;
			productName = NativeTests;
			productReference = 9F28401829349343005939EF /* NativeTests.xctest */;
			productType = "com.apple.product-type.bundle.unit-test";
		};
		9F28402129349343005939EF /* NativeUITests */ = {
			isa = PBXNativeTarget;
			buildConfigurationList = 9F28403229349343005939EF /* Build configuration list for PBXNativeTarget "NativeUITests" */;
			buildPhases = (
				9F28401E29349343005939EF /* Sources */,
				9F28401F29349343005939EF /* Frameworks */,
				9F28402029349343005939EF /* Resources */,
			);
			buildRules = (
			);
			dependencies = (
				9F28402429349343005939EF /* PBXTargetDependency */,
			);
			name = NativeUITests;
			productName = NativeUITests;
			productReference = 9F28402229349343005939EF /* NativeUITests.xctest */;
			productType = "com.apple.product-type.bundle.ui-testing";
		};
/* End PBXNativeTarget section */

/* Begin PBXProject section */
		9F283FFF29349341005939EF /* Project object */ = {
			isa = PBXProject;
			attributes = {
				BuildIndependentTargetsInParallel = 1;
				LastSwiftUpdateCheck = 1410;
				LastUpgradeCheck = 1410;
				TargetAttributes = {
					9F28400629349341005939EF = {
						CreatedOnToolsVersion = 14.1;
					};
					9F28401729349343005939EF = {
						CreatedOnToolsVersion = 14.1;
						TestTargetID = 9F28400629349341005939EF;
					};
					9F28402129349343005939EF = {
						CreatedOnToolsVersion = 14.1;
						TestTargetID = 9F28400629349341005939EF;
					};
				};
			};
			buildConfigurationList = 9F28400229349341005939EF /* Build configuration list for PBXProject "Native" */;
			compatibilityVersion = "Xcode 14.0";
			developmentRegion = en;
			hasScannedForEncodings = 0;
			knownRegions = (
				en,
				Base,
			);
			mainGroup = 9F283FFE29349341005939EF;
			productRefGroup = 9F28400829349341005939EF /* Products */;
			projectDirPath = "";
			projectRoot = "";
			targets = (
				9F28400629349341005939EF /* Native */,
				9F28401729349343005939EF /* NativeTests */,
				9F28402129349343005939EF /* NativeUITests */,
			);
		};
/* End PBXProject section */

/* Begin PBXResourcesBuildPhase section */
		9F28400529349341005939EF /* Resources */ = {
			isa = PBXResourcesBuildPhase;
			buildActionMask = 2147483647;
			files = (
				9F28401329349342005939EF /* Preview Assets.xcassets in Resources */,
				9F28400F29349342005939EF /* Assets.xcassets in Resources */,
			);
			runOnlyForDeploymentPostprocessing = 0;
		};
		9F28401629349343005939EF /* Resources */ = {
			isa = PBXResourcesBuildPhase;
			buildActionMask = 2147483647;
			files = (
			);
			runOnlyForDeploymentPostprocessing = 0;
		};
		9F28402029349343005939EF /* Resources */ = {
			isa = PBXResourcesBuildPhase;
			buildActionMask = 2147483647;
			files = (
			);
			runOnlyForDeploymentPostprocessing = 0;
		};
/* End PBXResourcesBuildPhase section */

/* Begin PBXSourcesBuildPhase section */
		9F28400329349341005939EF /* Sources */ = {
			isa = PBXSourcesBuildPhase;
			buildActionMask = 2147483647;
			files = (
				9F28400D29349341005939EF /* ContentView.swift in Sources */,
				9F28403629349399005939EF /* WallpaperView.swift in Sources */,
				9FD6F2392935FEB1001780C2 /* AvatarView.swift in Sources */,
				9F28400B29349341005939EF /* NativeApp.swift in Sources */,
			);
			runOnlyForDeploymentPostprocessing = 0;
		};
		9F28401429349343005939EF /* Sources */ = {
			isa = PBXSourcesBuildPhase;
			buildActionMask = 2147483647;
			files = (
				9F28401D29349343005939EF /* NativeTests.swift in Sources */,
			);
			runOnlyForDeploymentPostprocessing = 0;
		};
		9F28401E29349343005939EF /* Sources */ = {
			isa = PBXSourcesBuildPhase;
			buildActionMask = 2147483647;
			files = (
				9F28402729349343005939EF /* NativeUITests.swift in Sources */,
				9F28402929349343005939EF /* NativeUITestsLaunchTests.swift in Sources */,
			);
			runOnlyForDeploymentPostprocessing = 0;
		};
/* End PBXSourcesBuildPhase section */

/* Begin PBXTargetDependency section */
		9F28401A29349343005939EF /* PBXTargetDependency */ = {
			isa = PBXTargetDependency;
			target = 9F28400629349341005939EF /* Native */;
			targetProxy = 9F28401929349343005939EF /* PBXContainerItemProxy */;
		};
		9F28402429349343005939EF /* PBXTargetDependency */ = {
			isa = PBXTargetDependency;
			target = 9F28400629349341005939EF /* Native */;
			targetProxy = 9F28402329349343005939EF /* PBXContainerItemProxy */;
		};
/* End PBXTargetDependency section */

/* Begin XCBuildConfiguration section */
		9F28402A29349343005939EF /* Debug */ = {
			isa = XCBuildConfiguration;
			buildSettings = {
				ALWAYS_SEARCH_USER_PATHS = NO;
				CLANG_ANALYZER_NONNULL = YES;
				CLANG_ANALYZER_NUMBER_OBJECT_CONVERSION = YES_AGGRESSIVE;
				CLANG_CXX_LANGUAGE_STANDARD = "gnu++20";
				CLANG_ENABLE_MODULES = YES;
				CLANG_ENABLE_OBJC_ARC = YES;
				CLANG_ENABLE_OBJC_WEAK = YES;
				CLANG_WARN_BLOCK_CAPTURE_AUTORELEASING = YES;
				CLANG_WARN_BOOL_CONVERSION = YES;
				CLANG_WARN_COMMA = YES;
				CLANG_WARN_CONSTANT_CONVERSION = YES;
				CLANG_WARN_DEPRECATED_OBJC_IMPLEMENTATIONS = YES;
				CLANG_WARN_DIRECT_OBJC_ISA_USAGE = YES_ERROR;
				CLANG_WARN_DOCUMENTATION_COMMENTS = YES;
				CLANG_WARN_EMPTY_BODY = YES;
				CLANG_WARN_ENUM_CONVERSION = YES;
				CLANG_WARN_INFINITE_RECURSION = YES;
				CLANG_WARN_INT_CONVERSION = YES;
				CLANG_WARN_NON_LITERAL_NULL_CONVERSION = YES;
				CLANG_WARN_OBJC_IMPLICIT_RETAIN_SELF = YES;
				CLANG_WARN_OBJC_LITERAL_CONVERSION = YES;
				CLANG_WARN_OBJC_ROOT_CLASS = YES_ERROR;
				CLANG_WARN_QUOTED_INCLUDE_IN_FRAMEWORK_HEADER = YES;
				CLANG_WARN_RANGE_LOOP_ANALYSIS = YES;
				CLANG_WARN_STRICT_PROTOTYPES = YES;
				CLANG_WARN_SUSPICIOUS_MOVE = YES;
				CLANG_WARN_UNGUARDED_AVAILABILITY = YES_AGGRESSIVE;
				CLANG_WARN_UNREACHABLE_CODE = YES;
				CLANG_WARN__DUPLICATE_METHOD_MATCH = YES;
				COPY_PHASE_STRIP = NO;
				DEBUG_INFORMATION_FORMAT = dwarf;
				ENABLE_STRICT_OBJC_MSGSEND = YES;
				ENABLE_TESTABILITY = YES;
				GCC_C_LANGUAGE_STANDARD = gnu11;
				GCC_DYNAMIC_NO_PIC = NO;
				GCC_NO_COMMON_BLOCKS = YES;
				GCC_OPTIMIZATION_LEVEL = 0;
				GCC_PREPROCESSOR_DEFINITIONS = (
					"DEBUG=1",
					"$(inherited)",
				);
				GCC_WARN_64_TO_32_BIT_CONVERSION = YES;
				GCC_WARN_ABOUT_RETURN_TYPE = YES_ERROR;
				GCC_WARN_UNDECLARED_SELECTOR = YES;
				GCC_WARN_UNINITIALIZED_AUTOS = YES_AGGRESSIVE;
				GCC_WARN_UNUSED_FUNCTION = YES;
				GCC_WARN_UNUSED_VARIABLE = YES;
				MTL_ENABLE_DEBUG_INFO = INCLUDE_SOURCE;
				MTL_FAST_MATH = YES;
				ONLY_ACTIVE_ARCH = YES;
				SWIFT_ACTIVE_COMPILATION_CONDITIONS = DEBUG;
				SWIFT_OPTIMIZATION_LEVEL = "-Onone";
			};
			name = Debug;
		};
		9F28402B29349343005939EF /* Release */ = {
			isa = XCBuildConfiguration;
			buildSettings = {
				ALWAYS_SEARCH_USER_PATHS = NO;
				CLANG_ANALYZER_NONNULL = YES;
				CLANG_ANALYZER_NUMBER_OBJECT_CONVERSION = YES_AGGRESSIVE;
				CLANG_CXX_LANGUAGE_STANDARD = "gnu++20";
				CLANG_ENABLE_MODULES = YES;
				CLANG_ENABLE_OBJC_ARC = YES;
				CLANG_ENABLE_OBJC_WEAK = YES;
				CLANG_WARN_BLOCK_CAPTURE_AUTORELEASING = YES;
				CLANG_WARN_BOOL_CONVERSION = YES;
				CLANG_WARN_COMMA = YES;
				CLANG_WARN_CONSTANT_CONVERSION = YES;
				CLANG_WARN_DEPRECATED_OBJC_IMPLEMENTATIONS = YES;
				CLANG_WARN_DIRECT_OBJC_ISA_USAGE = YES_ERROR;
				CLANG_WARN_DOCUMENTATION_COMMENTS = YES;
				CLANG_WARN_EMPTY_BODY = YES;
				CLANG_WARN_ENUM_CONVERSION = YES;
				CLANG_WARN_INFINITE_RECURSION = YES;
				CLANG_WARN_INT_CONVERSION = YES;
				CLANG_WARN_NON_LITERAL_NULL_CONVERSION = YES;
				CLANG_WARN_OBJC_IMPLICIT_RETAIN_SELF = YES;
				CLANG_WARN_OBJC_LITERAL_CONVERSION = YES;
				CLANG_WARN_OBJC_ROOT_CLASS = YES_ERROR;
				CLANG_WARN_QUOTED_INCLUDE_IN_FRAMEWORK_HEADER = YES;
				CLANG_WARN_RANGE_LOOP_ANALYSIS = YES;
				CLANG_WARN_STRICT_PROTOTYPES = YES;
				CLANG_WARN_SUSPICIOUS_MOVE = YES;
				CLANG_WARN_UNGUARDED_AVAILABILITY = YES_AGGRESSIVE;
				CLANG_WARN_UNREACHABLE_CODE = YES;
				CLANG_WARN__DUPLICATE_METHOD_MATCH = YES;
				COPY_PHASE_STRIP = NO;
				DEBUG_INFORMATION_FORMAT = "dwarf-with-dsym";
				ENABLE_NS_ASSERTIONS = NO;
				ENABLE_STRICT_OBJC_MSGSEND = YES;
				GCC_C_LANGUAGE_STANDARD = gnu11;
				GCC_NO_COMMON_BLOCKS = YES;
				GCC_WARN_64_TO_32_BIT_CONVERSION = YES;
				GCC_WARN_ABOUT_RETURN_TYPE = YES_ERROR;
				GCC_WARN_UNDECLARED_SELECTOR = YES;
				GCC_WARN_UNINITIALIZED_AUTOS = YES_AGGRESSIVE;
				GCC_WARN_UNUSED_FUNCTION = YES;
				GCC_WARN_UNUSED_VARIABLE = YES;
				MTL_ENABLE_DEBUG_INFO = NO;
				MTL_FAST_MATH = YES;
				SWIFT_COMPILATION_MODE = wholemodule;
				SWIFT_OPTIMIZATION_LEVEL = "-O";
			};
			name = Release;
		};
		9F28402D29349343005939EF /* Debug */ = {
			isa = XCBuildConfiguration;
			buildSettings = {
				ASSETCATALOG_COMPILER_APPICON_NAME = AppIcon;
				ASSETCATALOG_COMPILER_GLOBAL_ACCENT_COLOR_NAME = AccentColor;
				CODE_SIGN_ENTITLEMENTS = Native/Native.entitlements;
				CODE_SIGN_STYLE = Automatic;
				CURRENT_PROJECT_VERSION = 1;
				DEVELOPMENT_ASSET_PATHS = "\"Native/Preview Content\"";
				DEVELOPMENT_TEAM = 4HDBBU25PK;
				ENABLE_HARDENED_RUNTIME = YES;
				ENABLE_PREVIEWS = YES;
				GENERATE_INFOPLIST_FILE = YES;
				"INFOPLIST_KEY_UIApplicationSceneManifest_Generation[sdk=iphoneos*]" = YES;
				"INFOPLIST_KEY_UIApplicationSceneManifest_Generation[sdk=iphonesimulator*]" = YES;
				"INFOPLIST_KEY_UIApplicationSupportsIndirectInputEvents[sdk=iphoneos*]" = YES;
				"INFOPLIST_KEY_UIApplicationSupportsIndirectInputEvents[sdk=iphonesimulator*]" = YES;
				"INFOPLIST_KEY_UILaunchScreen_Generation[sdk=iphoneos*]" = YES;
				"INFOPLIST_KEY_UILaunchScreen_Generation[sdk=iphonesimulator*]" = YES;
				"INFOPLIST_KEY_UIStatusBarStyle[sdk=iphoneos*]" = UIStatusBarStyleDefault;
				"INFOPLIST_KEY_UIStatusBarStyle[sdk=iphonesimulator*]" = UIStatusBarStyleDefault;
				INFOPLIST_KEY_UISupportedInterfaceOrientations_iPad = "UIInterfaceOrientationPortrait UIInterfaceOrientationPortraitUpsideDown UIInterfaceOrientationLandscapeLeft UIInterfaceOrientationLandscapeRight";
				INFOPLIST_KEY_UISupportedInterfaceOrientations_iPhone = "UIInterfaceOrientationPortrait UIInterfaceOrientationLandscapeLeft UIInterfaceOrientationLandscapeRight";
				IPHONEOS_DEPLOYMENT_TARGET = 16.1;
				LD_RUNPATH_SEARCH_PATHS = "@executable_path/Frameworks";
				"LD_RUNPATH_SEARCH_PATHS[sdk=macosx*]" = "@executable_path/../Frameworks";
				MACOSX_DEPLOYMENT_TARGET = 13.0;
				MARKETING_VERSION = 1.0;
				PRODUCT_BUNDLE_IDENTIFIER = br.net.ken.Native;
				PRODUCT_NAME = "$(TARGET_NAME)";
				SDKROOT = auto;
				SUPPORTED_PLATFORMS = "iphoneos iphonesimulator macosx";
				SWIFT_EMIT_LOC_STRINGS = YES;
				SWIFT_VERSION = 5.0;
				TARGETED_DEVICE_FAMILY = "1,2";
			};
			name = Debug;
		};
		9F28402E29349343005939EF /* Release */ = {
			isa = XCBuildConfiguration;
			buildSettings = {
				ASSETCATALOG_COMPILER_APPICON_NAME = AppIcon;
				ASSETCATALOG_COMPILER_GLOBAL_ACCENT_COLOR_NAME = AccentColor;
				CODE_SIGN_ENTITLEMENTS = Native/Native.entitlements;
				CODE_SIGN_STYLE = Automatic;
				CURRENT_PROJECT_VERSION = 1;
				DEVELOPMENT_ASSET_PATHS = "\"Native/Preview Content\"";
				DEVELOPMENT_TEAM = 4HDBBU25PK;
				ENABLE_HARDENED_RUNTIME = YES;
				ENABLE_PREVIEWS = YES;
				GENERATE_INFOPLIST_FILE = YES;
				"INFOPLIST_KEY_UIApplicationSceneManifest_Generation[sdk=iphoneos*]" = YES;
				"INFOPLIST_KEY_UIApplicationSceneManifest_Generation[sdk=iphonesimulator*]" = YES;
				"INFOPLIST_KEY_UIApplicationSupportsIndirectInputEvents[sdk=iphoneos*]" = YES;
				"INFOPLIST_KEY_UIApplicationSupportsIndirectInputEvents[sdk=iphonesimulator*]" = YES;
				"INFOPLIST_KEY_UILaunchScreen_Generation[sdk=iphoneos*]" = YES;
				"INFOPLIST_KEY_UILaunchScreen_Generation[sdk=iphonesimulator*]" = YES;
				"INFOPLIST_KEY_UIStatusBarStyle[sdk=iphoneos*]" = UIStatusBarStyleDefault;
				"INFOPLIST_KEY_UIStatusBarStyle[sdk=iphonesimulator*]" = UIStatusBarStyleDefault;
				INFOPLIST_KEY_UISupportedInterfaceOrientations_iPad = "UIInterfaceOrientationPortrait UIInterfaceOrientationPortraitUpsideDown UIInterfaceOrientationLandscapeLeft UIInterfaceOrientationLandscapeRight";
				INFOPLIST_KEY_UISupportedInterfaceOrientations_iPhone = "UIInterfaceOrientationPortrait UIInterfaceOrientationLandscapeLeft UIInterfaceOrientationLandscapeRight";
				IPHONEOS_DEPLOYMENT_TARGET = 16.1;
				LD_RUNPATH_SEARCH_PATHS = "@executable_path/Frameworks";
				"LD_RUNPATH_SEARCH_PATHS[sdk=macosx*]" = "@executable_path/../Frameworks";
				MACOSX_DEPLOYMENT_TARGET = 13.0;
				MARKETING_VERSION = 1.0;
				PRODUCT_BUNDLE_IDENTIFIER = br.net.ken.Native;
				PRODUCT_NAME = "$(TARGET_NAME)";
				SDKROOT = auto;
				SUPPORTED_PLATFORMS = "iphoneos iphonesimulator macosx";
				SWIFT_EMIT_LOC_STRINGS = YES;
				SWIFT_VERSION = 5.0;
				TARGETED_DEVICE_FAMILY = "1,2";
			};
			name = Release;
		};
		9F28403029349343005939EF /* Debug */ = {
			isa = XCBuildConfiguration;
			buildSettings = {
				ALWAYS_EMBED_SWIFT_STANDARD_LIBRARIES = YES;
				BUNDLE_LOADER = "$(TEST_HOST)";
				CODE_SIGN_STYLE = Automatic;
				CURRENT_PROJECT_VERSION = 1;
				DEVELOPMENT_TEAM = 4HDBBU25PK;
				GENERATE_INFOPLIST_FILE = YES;
				IPHONEOS_DEPLOYMENT_TARGET = 16.1;
				MACOSX_DEPLOYMENT_TARGET = 13.0;
				MARKETING_VERSION = 1.0;
				PRODUCT_BUNDLE_IDENTIFIER = br.net.ken.NativeTests;
				PRODUCT_NAME = "$(TARGET_NAME)";
				SDKROOT = auto;
				SUPPORTED_PLATFORMS = "iphoneos iphonesimulator macosx";
				SWIFT_EMIT_LOC_STRINGS = NO;
				SWIFT_VERSION = 5.0;
				TARGETED_DEVICE_FAMILY = "1,2";
				TEST_HOST = "$(BUILT_PRODUCTS_DIR)/Native.app/$(BUNDLE_EXECUTABLE_FOLDER_PATH)/Native";
			};
			name = Debug;
		};
		9F28403129349343005939EF /* Release */ = {
			isa = XCBuildConfiguration;
			buildSettings = {
				ALWAYS_EMBED_SWIFT_STANDARD_LIBRARIES = YES;
				BUNDLE_LOADER = "$(TEST_HOST)";
				CODE_SIGN_STYLE = Automatic;
				CURRENT_PROJECT_VERSION = 1;
				DEVELOPMENT_TEAM = 4HDBBU25PK;
				GENERATE_INFOPLIST_FILE = YES;
				IPHONEOS_DEPLOYMENT_TARGET = 16.1;
				MACOSX_DEPLOYMENT_TARGET = 13.0;
				MARKETING_VERSION = 1.0;
				PRODUCT_BUNDLE_IDENTIFIER = br.net.ken.NativeTests;
				PRODUCT_NAME = "$(TARGET_NAME)";
				SDKROOT = auto;
				SUPPORTED_PLATFORMS = "iphoneos iphonesimulator macosx";
				SWIFT_EMIT_LOC_STRINGS = NO;
				SWIFT_VERSION = 5.0;
				TARGETED_DEVICE_FAMILY = "1,2";
				TEST_HOST = "$(BUILT_PRODUCTS_DIR)/Native.app/$(BUNDLE_EXECUTABLE_FOLDER_PATH)/Native";
			};
			name = Release;
		};
		9F28403329349343005939EF /* Debug */ = {
			isa = XCBuildConfiguration;
			buildSettings = {
				ALWAYS_EMBED_SWIFT_STANDARD_LIBRARIES = YES;
				CODE_SIGN_STYLE = Automatic;
				CURRENT_PROJECT_VERSION = 1;
				DEVELOPMENT_TEAM = 4HDBBU25PK;
				GENERATE_INFOPLIST_FILE = YES;
				IPHONEOS_DEPLOYMENT_TARGET = 16.1;
				MACOSX_DEPLOYMENT_TARGET = 13.0;
				MARKETING_VERSION = 1.0;
				PRODUCT_BUNDLE_IDENTIFIER = br.net.ken.NativeUITests;
				PRODUCT_NAME = "$(TARGET_NAME)";
				SDKROOT = auto;
				SUPPORTED_PLATFORMS = "iphoneos iphonesimulator macosx";
				SWIFT_EMIT_LOC_STRINGS = NO;
				SWIFT_VERSION = 5.0;
				TARGETED_DEVICE_FAMILY = "1,2";
				TEST_TARGET_NAME = Native;
			};
			name = Debug;
		};
		9F28403429349343005939EF /* Release */ = {
			isa = XCBuildConfiguration;
			buildSettings = {
				ALWAYS_EMBED_SWIFT_STANDARD_LIBRARIES = YES;
				CODE_SIGN_STYLE = Automatic;
				CURRENT_PROJECT_VERSION = 1;
				DEVELOPMENT_TEAM = 4HDBBU25PK;
				GENERATE_INFOPLIST_FILE = YES;
				IPHONEOS_DEPLOYMENT_TARGET = 16.1;
				MACOSX_DEPLOYMENT_TARGET = 13.0;
				MARKETING_VERSION = 1.0;
				PRODUCT_BUNDLE_IDENTIFIER = br.net.ken.NativeUITests;
				PRODUCT_NAME = "$(TARGET_NAME)";
				SDKROOT = auto;
				SUPPORTED_PLATFORMS = "iphoneos iphonesimulator macosx";
				SWIFT_EMIT_LOC_STRINGS = NO;
				SWIFT_VERSION = 5.0;
				TARGETED_DEVICE_FAMILY = "1,2";
				TEST_TARGET_NAME = Native;
			};
			name = Release;
		};
/* End XCBuildConfiguration section */

/* Begin XCConfigurationList section */
		9F28400229349341005939EF /* Build configuration list for PBXProject "Native" */ = {
			isa = XCConfigurationList;
			buildConfigurations = (
				9F28402A29349343005939EF /* Debug */,
				9F28402B29349343005939EF /* Release */,
			);
			defaultConfigurationIsVisible = 0;
			defaultConfigurationName = Release;
		};
		9F28402C29349343005939EF /* Build configuration list for PBXNativeTarget "Native" */ = {
			isa = XCConfigurationList;
			buildConfigurations = (
				9F28402D29349343005939EF /* Debug */,
				9F28402E29349343005939EF /* Release */,
			);
			defaultConfigurationIsVisible = 0;
			defaultConfigurationName = Release;
		};
		9F28402F29349343005939EF /* Build configuration list for PBXNativeTarget "NativeTests" */ = {
			isa = XCConfigurationList;
			buildConfigurations = (
				9F28403029349343005939EF /* Debug */,
				9F28403129349343005939EF /* Release */,
			);
			defaultConfigurationIsVisible = 0;
			defaultConfigurationName = Release;
		};
		9F28403229349343005939EF /* Build configuration list for PBXNativeTarget "NativeUITests" */ = {
			isa = XCConfigurationList;
			buildConfigurations = (
				9F28403329349343005939EF /* Debug */,
				9F28403429349343005939EF /* Release */,
			);
			defaultConfigurationIsVisible = 0;
			defaultConfigurationName = Release;
		};
/* End XCConfigurationList section */
	};
	rootObject = 9F283FFF29349341005939EF /* Project object */;
}
